
Microsoft Visual Studio Solution File, Format Version 12.00
# Visual Studio Version 16
VisualStudioVersion = 25.0.1704.3
MinimumVisualStudioVersion = 10.0.40219.1
Project("{FAE04EC0-301F-11D3-BF4B-00C04F79EFBC}") = "Hrm.Recruitment.APILayer", "Hrm.Recruitment.APILayer\Hrm.Recruitment.APILayer.csproj", "{02CC8A53-BAD4-4D5C-BADE-BEC0E2CFDC1B}"
EndProject
Project("{2150E333-8FDC-42A3-9474-1A3956D46DE8}") = "Src", "Src", "{8571BF2E-5CBB-4B64-9554-8E654A417E94}"
EndProject
Project("{2150E333-8FDC-42A3-9474-1A3956D46DE8}") = "Recruitment", "Recruitment", "{907A65A8-F399-4A5C-AD31-E3A2131B296C}"
EndProject
Project("{FAE04EC0-301F-11D3-BF4B-00C04F79EFBC}") = "Hrm.Recruitment.Infrastructure", "Hrm.Recruitment.Infrastructure\Hrm.Recruitment.Infrastructure.csproj", "{DFEBDCB1-6336-48C0-AC83-76702F23C7B2}"
EndProject
Project("{FAE04EC0-301F-11D3-BF4B-00C04F79EFBC}") = "Hrm.Recruitment.ApplicationCore", "Hrm.Recruitment.ApplicationCore\Hrm.Recruitment.ApplicationCore.csproj", "{539D0E19-D76B-490D-9556-BAE1C6C05481}"
EndProject
Project("{2150E333-8FDC-42A3-9474-1A3956D46DE8}") = "Interview", "Interview", "{7B447EAC-FE27-4C39-B1DA-1F2048F722F3}"
EndProject
Project("{FAE04EC0-301F-11D3-BF4B-00C04F79EFBC}") = "Hrm.Interview.APILayer", "Hrm.Interview.APILayer\Hrm.Interview.APILayer.csproj", "{06D82427-7496-4267-91EE-DC2312BC12D7}"
EndProject
Project("{FAE04EC0-301F-11D3-BF4B-00C04F79EFBC}") = "Hrm.Interview.ApplicationCore", "Hrm.Interview.ApplicationCore\Hrm.Interview.ApplicationCore.csproj", "{DCF2947E-0303-4D0B-B361-06D555996846}"
EndProject
Project("{FAE04EC0-301F-11D3-BF4B-00C04F79EFBC}") = "Hrm.Interview.Infrastructure", "Hrm.Interview.Infrastructure\Hrm.Interview.Infrastructure.csproj", "{4CB85A7C-A556-4774-B929-A0F688B79EAF}"
EndProject
Project("{FAE04EC0-301F-11D3-BF4B-00C04F79EFBC}") = "Hrm.Onboard.APILayer", "Hrm.Onboard.APILayer\Hrm.Onboard.APILayer.csproj", "{F20346E0-664D-46DA-BB57-2984350A6FEE}"
EndProject
Project("{FAE04EC0-301F-11D3-BF4B-00C04F79EFBC}") = "Hrm.Onboard.Infrastructure", "Hrm.Onboard.Infrastructure\Hrm.Onboard.Infrastructure.csproj", "{2F615DD2-AF0B-4C54-9F82-4AAE80B9600D}"
EndProject
Project("{FAE04EC0-301F-11D3-BF4B-00C04F79EFBC}") = "Hrm.Onboard.ApplicationCore", "Hrm.Onboard.ApplicationCore\Hrm.Onboard.ApplicationCore.csproj", "{99736B43-FCE2-4B07-9D82-C20EB46F3337}"
EndProject
Project("{2150E333-8FDC-42A3-9474-1A3956D46DE8}") = "Onboard", "Onboard", "{DE9F78AA-81B4-407C-8100-09C4CFC488C0}"
EndProject
Project("{2150E333-8FDC-42A3-9474-1A3956D46DE8}") = "Authentication", "Authentication", "{E4C77B69-6791-4CC2-BFCE-E14917567585}"
EndProject
Project("{FAE04EC0-301F-11D3-BF4B-00C04F79EFBC}") = "Hrm.Authen.APILayer", "Hrm.Authen.APILayer\Hrm.Authen.APILayer.csproj", "{85BC85D4-4C43-416A-88E9-6AFBC7C70966}"
EndProject
Project("{FAE04EC0-301F-11D3-BF4B-00C04F79EFBC}") = "Hrm.Authen.Infrastructure", "Hrm.Authen.Infrastructure\Hrm.Authen.Infrastructure.csproj", "{01D10B7D-DAF0-49F1-B100-0250DE7407F9}"
EndProject
Project("{FAE04EC0-301F-11D3-BF4B-00C04F79EFBC}") = "Hrm.Authen.ApplicationCore", "Hrm.Authen.ApplicationCore\Hrm.Authen.ApplicationCore.csproj", "{5AA34F69-452C-49A2-BBDD-F35D73020948}"
EndProject
Project("{9344BDBB-3E7F-41FC-A0DD-8665D75EE146}") = "Hrm.Recruitment.Infrastructure", "Hrm.Recruitment.APILayer\Hrm.Recruitment.Infrastructure\Hrm.Recruitment.Infrastructure.csproj", "{F2DABD8C-3D4A-47B2-80EC-BF9D82AE44E5}"
EndProject
Project("{E53339B2-1760-4266-BCC7-CA923CBCF16C}") = "docker-compose", "docker-compose.dcproj", "{25ADA189-F241-4151-A3F9-B8A57459B0E7}"
EndProject
Global
	GlobalSection(SolutionConfigurationPlatforms) = preSolution
		Debug|Any CPU = Debug|Any CPU
		Release|Any CPU = Release|Any CPU
	EndGlobalSection
	GlobalSection(ProjectConfigurationPlatforms) = postSolution
		{02CC8A53-BAD4-4D5C-BADE-BEC0E2CFDC1B}.Debug|Any CPU.ActiveCfg = Debug|Any CPU
		{02CC8A53-BAD4-4D5C-BADE-BEC0E2CFDC1B}.Debug|Any CPU.Build.0 = Debug|Any CPU
		{02CC8A53-BAD4-4D5C-BADE-BEC0E2CFDC1B}.Release|Any CPU.ActiveCfg = Release|Any CPU
		{02CC8A53-BAD4-4D5C-BADE-BEC0E2CFDC1B}.Release|Any CPU.Build.0 = Release|Any CPU
		{DFEBDCB1-6336-48C0-AC83-76702F23C7B2}.Debug|Any CPU.ActiveCfg = Debug|Any CPU
		{DFEBDCB1-6336-48C0-AC83-76702F23C7B2}.Debug|Any CPU.Build.0 = Debug|Any CPU
		{DFEBDCB1-6336-48C0-AC83-76702F23C7B2}.Release|Any CPU.ActiveCfg = Release|Any CPU
		{DFEBDCB1-6336-48C0-AC83-76702F23C7B2}.Release|Any CPU.Build.0 = Release|Any CPU
		{539D0E19-D76B-490D-9556-BAE1C6C05481}.Debug|Any CPU.ActiveCfg = Debug|Any CPU
		{539D0E19-D76B-490D-9556-BAE1C6C05481}.Debug|Any CPU.Build.0 = Debug|Any CPU
		{539D0E19-D76B-490D-9556-BAE1C6C05481}.Release|Any CPU.ActiveCfg = Release|Any CPU
		{539D0E19-D76B-490D-9556-BAE1C6C05481}.Release|Any CPU.Build.0 = Release|Any CPU
		{06D82427-7496-4267-91EE-DC2312BC12D7}.Debug|Any CPU.ActiveCfg = Debug|Any CPU
		{06D82427-7496-4267-91EE-DC2312BC12D7}.Debug|Any CPU.Build.0 = Debug|Any CPU
		{06D82427-7496-4267-91EE-DC2312BC12D7}.Release|Any CPU.ActiveCfg = Release|Any CPU
		{06D82427-7496-4267-91EE-DC2312BC12D7}.Release|Any CPU.Build.0 = Release|Any CPU
		{DCF2947E-0303-4D0B-B361-06D555996846}.Debug|Any CPU.ActiveCfg = Debug|Any CPU
		{DCF2947E-0303-4D0B-B361-06D555996846}.Debug|Any CPU.Build.0 = Debug|Any CPU
		{DCF2947E-0303-4D0B-B361-06D555996846}.Release|Any CPU.ActiveCfg = Release|Any CPU
		{DCF2947E-0303-4D0B-B361-06D555996846}.Release|Any CPU.Build.0 = Release|Any CPU
		{4CB85A7C-A556-4774-B929-A0F688B79EAF}.Debug|Any CPU.ActiveCfg = Debug|Any CPU
		{4CB85A7C-A556-4774-B929-A0F688B79EAF}.Debug|Any CPU.Build.0 = Debug|Any CPU
		{4CB85A7C-A556-4774-B929-A0F688B79EAF}.Release|Any CPU.ActiveCfg = Release|Any CPU
		{4CB85A7C-A556-4774-B929-A0F688B79EAF}.Release|Any CPU.Build.0 = Release|Any CPU
		{F20346E0-664D-46DA-BB57-2984350A6FEE}.Debug|Any CPU.ActiveCfg = Debug|Any CPU
		{F20346E0-664D-46DA-BB57-2984350A6FEE}.Debug|Any CPU.Build.0 = Debug|Any CPU
		{F20346E0-664D-46DA-BB57-2984350A6FEE}.Release|Any CPU.ActiveCfg = Release|Any CPU
		{F20346E0-664D-46DA-BB57-2984350A6FEE}.Release|Any CPU.Build.0 = Release|Any CPU
		{2F615DD2-AF0B-4C54-9F82-4AAE80B9600D}.Debug|Any CPU.ActiveCfg = Debug|Any CPU
		{2F615DD2-AF0B-4C54-9F82-4AAE80B9600D}.Debug|Any CPU.Build.0 = Debug|Any CPU
		{2F615DD2-AF0B-4C54-9F82-4AAE80B9600D}.Release|Any CPU.ActiveCfg = Release|Any CPU
		{2F615DD2-AF0B-4C54-9F82-4AAE80B9600D}.Release|Any CPU.Build.0 = Release|Any CPU
		{99736B43-FCE2-4B07-9D82-C20EB46F3337}.Debug|Any CPU.ActiveCfg = Debug|Any CPU
		{99736B43-FCE2-4B07-9D82-C20EB46F3337}.Debug|Any CPU.Build.0 = Debug|Any CPU
		{99736B43-FCE2-4B07-9D82-C20EB46F3337}.Release|Any CPU.ActiveCfg = Release|Any CPU
		{99736B43-FCE2-4B07-9D82-C20EB46F3337}.Release|Any CPU.Build.0 = Release|Any CPU
		{85BC85D4-4C43-416A-88E9-6AFBC7C70966}.Debug|Any CPU.ActiveCfg = Debug|Any CPU
		{85BC85D4-4C43-416A-88E9-6AFBC7C70966}.Debug|Any CPU.Build.0 = Debug|Any CPU
		{85BC85D4-4C43-416A-88E9-6AFBC7C70966}.Release|Any CPU.ActiveCfg = Release|Any CPU
		{85BC85D4-4C43-416A-88E9-6AFBC7C70966}.Release|Any CPU.Build.0 = Release|Any CPU
		{01D10B7D-DAF0-49F1-B100-0250DE7407F9}.Debug|Any CPU.ActiveCfg = Debug|Any CPU
		{01D10B7D-DAF0-49F1-B100-0250DE7407F9}.Debug|Any CPU.Build.0 = Debug|Any CPU
		{01D10B7D-DAF0-49F1-B100-0250DE7407F9}.Release|Any CPU.ActiveCfg = Release|Any CPU
		{01D10B7D-DAF0-49F1-B100-0250DE7407F9}.Release|Any CPU.Build.0 = Release|Any CPU
		{5AA34F69-452C-49A2-BBDD-F35D73020948}.Debug|Any CPU.ActiveCfg = Debug|Any CPU
		{5AA34F69-452C-49A2-BBDD-F35D73020948}.Debug|Any CPU.Build.0 = Debug|Any CPU
		{5AA34F69-452C-49A2-BBDD-F35D73020948}.Release|Any CPU.ActiveCfg = Release|Any CPU
		{5AA34F69-452C-49A2-BBDD-F35D73020948}.Release|Any CPU.Build.0 = Release|Any CPU
		{25ADA189-F241-4151-A3F9-B8A57459B0E7}.Debug|Any CPU.ActiveCfg = Debug|Any CPU
		{25ADA189-F241-4151-A3F9-B8A57459B0E7}.Debug|Any CPU.Build.0 = Debug|Any CPU
		{25ADA189-F241-4151-A3F9-B8A57459B0E7}.Release|Any CPU.ActiveCfg = Release|Any CPU
		{25ADA189-F241-4151-A3F9-B8A57459B0E7}.Release|Any CPU.Build.0 = Release|Any CPU
	EndGlobalSection
	GlobalSection(SolutionProperties) = preSolution
		HideSolutionNode = FALSE
	EndGlobalSection
	GlobalSection(ExtensibilityGlobals) = postSolution
		SolutionGuid = {DDCEC76A-48E8-45C0-98C1-82D27A4A7142}
	EndGlobalSection
	GlobalSection(NestedProjects) = preSolution
		{907A65A8-F399-4A5C-AD31-E3A2131B296C} = {8571BF2E-5CBB-4B64-9554-8E654A417E94}
		{02CC8A53-BAD4-4D5C-BADE-BEC0E2CFDC1B} = {907A65A8-F399-4A5C-AD31-E3A2131B296C}
		{DFEBDCB1-6336-48C0-AC83-76702F23C7B2} = {907A65A8-F399-4A5C-AD31-E3A2131B296C}
		{539D0E19-D76B-490D-9556-BAE1C6C05481} = {907A65A8-F399-4A5C-AD31-E3A2131B296C}
		{7B447EAC-FE27-4C39-B1DA-1F2048F722F3} = {8571BF2E-5CBB-4B64-9554-8E654A417E94}
		{06D82427-7496-4267-91EE-DC2312BC12D7} = {7B447EAC-FE27-4C39-B1DA-1F2048F722F3}
		{DCF2947E-0303-4D0B-B361-06D555996846} = {7B447EAC-FE27-4C39-B1DA-1F2048F722F3}
		{4CB85A7C-A556-4774-B929-A0F688B79EAF} = {7B447EAC-FE27-4C39-B1DA-1F2048F722F3}
		{DE9F78AA-81B4-407C-8100-09C4CFC488C0} = {8571BF2E-5CBB-4B64-9554-8E654A417E94}
		{F20346E0-664D-46DA-BB57-2984350A6FEE} = {DE9F78AA-81B4-407C-8100-09C4CFC488C0}
		{99736B43-FCE2-4B07-9D82-C20EB46F3337} = {DE9F78AA-81B4-407C-8100-09C4CFC488C0}
		{2F615DD2-AF0B-4C54-9F82-4AAE80B9600D} = {DE9F78AA-81B4-407C-8100-09C4CFC488C0}
		{E4C77B69-6791-4CC2-BFCE-E14917567585} = {8571BF2E-5CBB-4B64-9554-8E654A417E94}
		{85BC85D4-4C43-416A-88E9-6AFBC7C70966} = {E4C77B69-6791-4CC2-BFCE-E14917567585}
		{5AA34F69-452C-49A2-BBDD-F35D73020948} = {E4C77B69-6791-4CC2-BFCE-E14917567585}
		{01D10B7D-DAF0-49F1-B100-0250DE7407F9} = {E4C77B69-6791-4CC2-BFCE-E14917567585}
	EndGlobalSection
EndGlobal
